
Microsoft Visual Studio Solution File, Format Version 12.00
# Visual Studio Version 17
VisualStudioVersion = 17.7.34221.43
MinimumVisualStudioVersion = 10.0.40219.1
Project("{FAE04EC0-301F-11D3-BF4B-00C04F79EFBC}") = "PatientCareApi.Api", "PatientCareApi.Api.csproj", "{CE0D7053-95F5-4AB6-A736-1759A0161654}"
EndProject
Global
	GlobalSection(SolutionConfigurationPlatforms) = preSolution
		Debug|Any CPU = Debug|Any CPU
		Release|Any CPU = Release|Any CPU
	EndGlobalSection
	GlobalSection(ProjectConfigurationPlatforms) = postSolution
		{CE0D7053-95F5-4AB6-A736-1759A0161654}.Debug|Any CPU.ActiveCfg = Debug|Any CPU
		{CE0D7053-95F5-4AB6-A736-1759A0161654}.Debug|Any CPU.Build.0 = Debug|Any CPU
		{CE0D7053-95F5-4AB6-A736-1759A0161654}.Release|Any CPU.ActiveCfg = Release|Any CPU
		{CE0D7053-95F5-4AB6-A736-1759A0161654}.Release|Any CPU.Build.0 = Release|Any CPU
	EndGlobalSection
	GlobalSection(SolutionProperties) = preSolution
		HideSolutionNode = FALSE
	EndGlobalSection
	GlobalSection(ExtensibilityGlobals) = postSolution
		SolutionGuid = {CE6652EC-D9DD-4ABB-925E-F12C0B300E85}
	EndGlobalSection
EndGlobal
